
Microsoft Visual Studio Solution File, Format Version 12.00
# Visual Studio Version 16
VisualStudioVersion = 16.0.31515.178
MinimumVisualStudioVersion = 10.0.40219.1
Project("{FAE04EC0-301F-11D3-BF4B-00C04F79EFBC}") = "FIT5032_MyModelFirst", "FIT5032_MyModelFirst\FIT5032_MyModelFirst.csproj", "{0D08E164-5372-4A8F-A0DA-C2552FAB114E}"
EndProject
Global
	GlobalSection(SolutionConfigurationPlatforms) = preSolution
		Debug|Any CPU = Debug|Any CPU
		Release|Any CPU = Release|Any CPU
	EndGlobalSection
	GlobalSection(ProjectConfigurationPlatforms) = postSolution
		{0D08E164-5372-4A8F-A0DA-C2552FAB114E}.Debug|Any CPU.ActiveCfg = Debug|Any CPU
		{0D08E164-5372-4A8F-A0DA-C2552FAB114E}.Debug|Any CPU.Build.0 = Debug|Any CPU
		{0D08E164-5372-4A8F-A0DA-C2552FAB114E}.Release|Any CPU.ActiveCfg = Release|Any CPU
		{0D08E164-5372-4A8F-A0DA-C2552FAB114E}.Release|Any CPU.Build.0 = Release|Any CPU
	EndGlobalSection
	GlobalSection(SolutionProperties) = preSolution
		HideSolutionNode = FALSE
	EndGlobalSection
	GlobalSection(ExtensibilityGlobals) = postSolution
		SolutionGuid = {2ED4445F-3608-4B86-92C8-26FC5A6222D2}
	EndGlobalSection
EndGlobal
