
Microsoft Visual Studio Solution File, Format Version 12.00
# Visual Studio Version 16
VisualStudioVersion = 16.0.31515.178
MinimumVisualStudioVersion = 10.0.40219.1
Project("{FAE04EC0-301F-11D3-BF4B-00C04F79EFBC}") = "FIT5032_Assignment", "FIT5032_Assignment\FIT5032_Assignment.csproj", "{C8AF6646-D169-4FA7-94B5-DEE39F55D2DF}"
EndProject
Global
	GlobalSection(SolutionConfigurationPlatforms) = preSolution
		Debug|Any CPU = Debug|Any CPU
		Release|Any CPU = Release|Any CPU
	EndGlobalSection
	GlobalSection(ProjectConfigurationPlatforms) = postSolution
		{C8AF6646-D169-4FA7-94B5-DEE39F55D2DF}.Debug|Any CPU.ActiveCfg = Debug|Any CPU
		{C8AF6646-D169-4FA7-94B5-DEE39F55D2DF}.Debug|Any CPU.Build.0 = Debug|Any CPU
		{C8AF6646-D169-4FA7-94B5-DEE39F55D2DF}.Release|Any CPU.ActiveCfg = Release|Any CPU
		{C8AF6646-D169-4FA7-94B5-DEE39F55D2DF}.Release|Any CPU.Build.0 = Release|Any CPU
	EndGlobalSection
	GlobalSection(SolutionProperties) = preSolution
		HideSolutionNode = FALSE
	EndGlobalSection
	GlobalSection(ExtensibilityGlobals) = postSolution
		SolutionGuid = {EFC7FA40-9F11-4BF0-AB19-07F4919E2A6B}
	EndGlobalSection
EndGlobal
