
Microsoft Visual Studio Solution File, Format Version 12.00
# Visual Studio Version 16
VisualStudioVersion = 16.0.31515.178
MinimumVisualStudioVersion = 10.0.40219.1
Project("{FAE04EC0-301F-11D3-BF4B-00C04F79EFBC}") = "FIT5032_MyIdentity", "FIT5032_MyIdentity\FIT5032_MyIdentity.csproj", "{69E16837-3B9A-497C-8AE7-F7564C5B4591}"
EndProject
Global
	GlobalSection(SolutionConfigurationPlatforms) = preSolution
		Debug|Any CPU = Debug|Any CPU
		Release|Any CPU = Release|Any CPU
	EndGlobalSection
	GlobalSection(ProjectConfigurationPlatforms) = postSolution
		{69E16837-3B9A-497C-8AE7-F7564C5B4591}.Debug|Any CPU.ActiveCfg = Debug|Any CPU
		{69E16837-3B9A-497C-8AE7-F7564C5B4591}.Debug|Any CPU.Build.0 = Debug|Any CPU
		{69E16837-3B9A-497C-8AE7-F7564C5B4591}.Release|Any CPU.ActiveCfg = Release|Any CPU
		{69E16837-3B9A-497C-8AE7-F7564C5B4591}.Release|Any CPU.Build.0 = Release|Any CPU
	EndGlobalSection
	GlobalSection(SolutionProperties) = preSolution
		HideSolutionNode = FALSE
	EndGlobalSection
	GlobalSection(ExtensibilityGlobals) = postSolution
		SolutionGuid = {934D5526-9674-4FA6-BD58-9C94110385B7}
	EndGlobalSection
EndGlobal
